
Microsoft Visual Studio Solution File, Format Version 12.00
# Visual Studio Version 16
VisualStudioVersion = 25.0.1706.3
MinimumVisualStudioVersion = 10.0.40219.1
Project("{FAE04EC0-301F-11D3-BF4B-00C04F79EFBC}") = "oop", "oop\oop.csproj", "{DD48778C-6F8C-47D1-B37F-78798493F78F}"
EndProject
Project("{FAE04EC0-301F-11D3-BF4B-00C04F79EFBC}") = "hometask_26.08", "hometask_26.08\hometask_26.08.csproj", "{7C9E49F1-9642-4205-A61F-7A8ECB2E29EA}"
EndProject
Project("{FAE04EC0-301F-11D3-BF4B-00C04F79EFBC}") = "30_08", "30_08\30_08.csproj", "{7C23AF69-6C44-4AC3-A5BE-9AAFD824E3D2}"
EndProject
Project("{FAE04EC0-301F-11D3-BF4B-00C04F79EFBC}") = "hometask_31_08", "hometask_31_08\hometask_31_08.csproj", "{D0E4540A-66AD-4650-845E-48865D3A1258}"
EndProject
Project("{FAE04EC0-301F-11D3-BF4B-00C04F79EFBC}") = "01_09", "01_09\01_09.csproj", "{EFF983E7-05DE-41EF-AB00-205DB1D93758}"
EndProject
Project("{FAE04EC0-301F-11D3-BF4B-00C04F79EFBC}") = "hometask_02.09", "hometask_02.09\hometask_02.09.csproj", "{55ABF07B-4553-44C5-BC52-6A444F8B8279}"
EndProject
Project("{FAE04EC0-301F-11D3-BF4B-00C04F79EFBC}") = "hometask_06.09", "hometask_06.09\hometask_06.09.csproj", "{57421AEC-4BA3-4B48-A0C5-88594C713EFB}"
EndProject
Project("{FAE04EC0-301F-11D3-BF4B-00C04F79EFBC}") = "hometask_11.09", "hometask_11.09\hometask_11.09.csproj", "{63E51733-4F17-4286-803D-4EB1BDF6BC1A}"
EndProject
Project("{FAE04EC0-301F-11D3-BF4B-00C04F79EFBC}") = "22.09", "22.09\22.09.csproj", "{CCB1E229-92C8-474A-9F91-05D1E91C4878}"
EndProject
Project("{FAE04EC0-301F-11D3-BF4B-00C04F79EFBC}") = "homework_25.09", "homework_25.09\homework_25.09.csproj", "{7BE343AB-D837-4E86-BC97-A070040B2F96}"
EndProject
Project("{FAE04EC0-301F-11D3-BF4B-00C04F79EFBC}") = "homework_27.09", "homework_27.09\homework_27.09.csproj", "{4E95816E-FDE3-4BC5-B05A-1C619D862C2C}"
EndProject
Project("{FAE04EC0-301F-11D3-BF4B-00C04F79EFBC}") = "29.09", "29.09\29.09.csproj", "{5878F941-1878-48AF-A0C4-A6497F16A9D3}"
EndProject
Project("{FAE04EC0-301F-11D3-BF4B-00C04F79EFBC}") = "homework_30.09", "homework_30.09\homework_30.09.csproj", "{2036856B-268D-4EF4-951B-F85A2617E8C6}"
EndProject
Project("{FAE04EC0-301F-11D3-BF4B-00C04F79EFBC}") = "03.10", "03.10\03.10.csproj", "{C6D27A28-47A0-4F10-B0D4-F9C549CBC92B}"
EndProject
Project("{FAE04EC0-301F-11D3-BF4B-00C04F79EFBC}") = "homework_05.10", "homework_05.10\homework_05.10.csproj", "{EF5EE7AA-3643-435E-9995-52EF9996674F}"
EndProject
Project("{FAE04EC0-301F-11D3-BF4B-00C04F79EFBC}") = "06_10", "06_10\06_10.csproj", "{A2D1D2F0-11AA-4FF0-BA9C-AFF41DF8A93C}"
EndProject
Project("{FAE04EC0-301F-11D3-BF4B-00C04F79EFBC}") = "homework_9.10", "homework_9.10\homework_9.10.csproj", "{BF9CADB0-9B7E-4B4B-912A-1B03FBA2477A}"
EndProject
Global
	GlobalSection(SolutionConfigurationPlatforms) = preSolution
		Debug|Any CPU = Debug|Any CPU
		Release|Any CPU = Release|Any CPU
	EndGlobalSection
	GlobalSection(ProjectConfigurationPlatforms) = postSolution
		{DD48778C-6F8C-47D1-B37F-78798493F78F}.Debug|Any CPU.ActiveCfg = Debug|Any CPU
		{DD48778C-6F8C-47D1-B37F-78798493F78F}.Debug|Any CPU.Build.0 = Debug|Any CPU
		{DD48778C-6F8C-47D1-B37F-78798493F78F}.Release|Any CPU.ActiveCfg = Release|Any CPU
		{DD48778C-6F8C-47D1-B37F-78798493F78F}.Release|Any CPU.Build.0 = Release|Any CPU
		{7C9E49F1-9642-4205-A61F-7A8ECB2E29EA}.Debug|Any CPU.ActiveCfg = Debug|Any CPU
		{7C9E49F1-9642-4205-A61F-7A8ECB2E29EA}.Debug|Any CPU.Build.0 = Debug|Any CPU
		{7C9E49F1-9642-4205-A61F-7A8ECB2E29EA}.Release|Any CPU.ActiveCfg = Release|Any CPU
		{7C9E49F1-9642-4205-A61F-7A8ECB2E29EA}.Release|Any CPU.Build.0 = Release|Any CPU
		{7C23AF69-6C44-4AC3-A5BE-9AAFD824E3D2}.Debug|Any CPU.ActiveCfg = Debug|Any CPU
		{7C23AF69-6C44-4AC3-A5BE-9AAFD824E3D2}.Debug|Any CPU.Build.0 = Debug|Any CPU
		{7C23AF69-6C44-4AC3-A5BE-9AAFD824E3D2}.Release|Any CPU.ActiveCfg = Release|Any CPU
		{7C23AF69-6C44-4AC3-A5BE-9AAFD824E3D2}.Release|Any CPU.Build.0 = Release|Any CPU
		{D0E4540A-66AD-4650-845E-48865D3A1258}.Debug|Any CPU.ActiveCfg = Debug|Any CPU
		{D0E4540A-66AD-4650-845E-48865D3A1258}.Debug|Any CPU.Build.0 = Debug|Any CPU
		{D0E4540A-66AD-4650-845E-48865D3A1258}.Release|Any CPU.ActiveCfg = Release|Any CPU
		{D0E4540A-66AD-4650-845E-48865D3A1258}.Release|Any CPU.Build.0 = Release|Any CPU
		{EFF983E7-05DE-41EF-AB00-205DB1D93758}.Debug|Any CPU.ActiveCfg = Debug|Any CPU
		{EFF983E7-05DE-41EF-AB00-205DB1D93758}.Debug|Any CPU.Build.0 = Debug|Any CPU
		{EFF983E7-05DE-41EF-AB00-205DB1D93758}.Release|Any CPU.ActiveCfg = Release|Any CPU
		{EFF983E7-05DE-41EF-AB00-205DB1D93758}.Release|Any CPU.Build.0 = Release|Any CPU
		{55ABF07B-4553-44C5-BC52-6A444F8B8279}.Debug|Any CPU.ActiveCfg = Debug|Any CPU
		{55ABF07B-4553-44C5-BC52-6A444F8B8279}.Debug|Any CPU.Build.0 = Debug|Any CPU
		{55ABF07B-4553-44C5-BC52-6A444F8B8279}.Release|Any CPU.ActiveCfg = Release|Any CPU
		{55ABF07B-4553-44C5-BC52-6A444F8B8279}.Release|Any CPU.Build.0 = Release|Any CPU
		{57421AEC-4BA3-4B48-A0C5-88594C713EFB}.Debug|Any CPU.ActiveCfg = Debug|Any CPU
		{57421AEC-4BA3-4B48-A0C5-88594C713EFB}.Debug|Any CPU.Build.0 = Debug|Any CPU
		{57421AEC-4BA3-4B48-A0C5-88594C713EFB}.Release|Any CPU.ActiveCfg = Release|Any CPU
		{57421AEC-4BA3-4B48-A0C5-88594C713EFB}.Release|Any CPU.Build.0 = Release|Any CPU
		{63E51733-4F17-4286-803D-4EB1BDF6BC1A}.Debug|Any CPU.ActiveCfg = Debug|Any CPU
		{63E51733-4F17-4286-803D-4EB1BDF6BC1A}.Debug|Any CPU.Build.0 = Debug|Any CPU
		{63E51733-4F17-4286-803D-4EB1BDF6BC1A}.Release|Any CPU.ActiveCfg = Release|Any CPU
		{63E51733-4F17-4286-803D-4EB1BDF6BC1A}.Release|Any CPU.Build.0 = Release|Any CPU
		{CCB1E229-92C8-474A-9F91-05D1E91C4878}.Debug|Any CPU.ActiveCfg = Debug|Any CPU
		{CCB1E229-92C8-474A-9F91-05D1E91C4878}.Debug|Any CPU.Build.0 = Debug|Any CPU
		{CCB1E229-92C8-474A-9F91-05D1E91C4878}.Release|Any CPU.ActiveCfg = Release|Any CPU
		{CCB1E229-92C8-474A-9F91-05D1E91C4878}.Release|Any CPU.Build.0 = Release|Any CPU
		{7BE343AB-D837-4E86-BC97-A070040B2F96}.Debug|Any CPU.ActiveCfg = Debug|Any CPU
		{7BE343AB-D837-4E86-BC97-A070040B2F96}.Debug|Any CPU.Build.0 = Debug|Any CPU
		{7BE343AB-D837-4E86-BC97-A070040B2F96}.Release|Any CPU.ActiveCfg = Release|Any CPU
		{7BE343AB-D837-4E86-BC97-A070040B2F96}.Release|Any CPU.Build.0 = Release|Any CPU
		{4E95816E-FDE3-4BC5-B05A-1C619D862C2C}.Debug|Any CPU.ActiveCfg = Debug|Any CPU
		{4E95816E-FDE3-4BC5-B05A-1C619D862C2C}.Debug|Any CPU.Build.0 = Debug|Any CPU
		{4E95816E-FDE3-4BC5-B05A-1C619D862C2C}.Release|Any CPU.ActiveCfg = Release|Any CPU
		{4E95816E-FDE3-4BC5-B05A-1C619D862C2C}.Release|Any CPU.Build.0 = Release|Any CPU
		{5878F941-1878-48AF-A0C4-A6497F16A9D3}.Debug|Any CPU.ActiveCfg = Debug|Any CPU
		{5878F941-1878-48AF-A0C4-A6497F16A9D3}.Debug|Any CPU.Build.0 = Debug|Any CPU
		{5878F941-1878-48AF-A0C4-A6497F16A9D3}.Release|Any CPU.ActiveCfg = Release|Any CPU
		{5878F941-1878-48AF-A0C4-A6497F16A9D3}.Release|Any CPU.Build.0 = Release|Any CPU
		{2036856B-268D-4EF4-951B-F85A2617E8C6}.Debug|Any CPU.ActiveCfg = Debug|Any CPU
		{2036856B-268D-4EF4-951B-F85A2617E8C6}.Debug|Any CPU.Build.0 = Debug|Any CPU
		{2036856B-268D-4EF4-951B-F85A2617E8C6}.Release|Any CPU.ActiveCfg = Release|Any CPU
		{2036856B-268D-4EF4-951B-F85A2617E8C6}.Release|Any CPU.Build.0 = Release|Any CPU
		{C6D27A28-47A0-4F10-B0D4-F9C549CBC92B}.Debug|Any CPU.ActiveCfg = Debug|Any CPU
		{C6D27A28-47A0-4F10-B0D4-F9C549CBC92B}.Debug|Any CPU.Build.0 = Debug|Any CPU
		{C6D27A28-47A0-4F10-B0D4-F9C549CBC92B}.Release|Any CPU.ActiveCfg = Release|Any CPU
		{C6D27A28-47A0-4F10-B0D4-F9C549CBC92B}.Release|Any CPU.Build.0 = Release|Any CPU
		{EF5EE7AA-3643-435E-9995-52EF9996674F}.Debug|Any CPU.ActiveCfg = Debug|Any CPU
		{EF5EE7AA-3643-435E-9995-52EF9996674F}.Debug|Any CPU.Build.0 = Debug|Any CPU
		{EF5EE7AA-3643-435E-9995-52EF9996674F}.Release|Any CPU.ActiveCfg = Release|Any CPU
		{EF5EE7AA-3643-435E-9995-52EF9996674F}.Release|Any CPU.Build.0 = Release|Any CPU
		{A2D1D2F0-11AA-4FF0-BA9C-AFF41DF8A93C}.Debug|Any CPU.ActiveCfg = Debug|Any CPU
		{A2D1D2F0-11AA-4FF0-BA9C-AFF41DF8A93C}.Debug|Any CPU.Build.0 = Debug|Any CPU
		{A2D1D2F0-11AA-4FF0-BA9C-AFF41DF8A93C}.Release|Any CPU.ActiveCfg = Release|Any CPU
		{A2D1D2F0-11AA-4FF0-BA9C-AFF41DF8A93C}.Release|Any CPU.Build.0 = Release|Any CPU
		{BF9CADB0-9B7E-4B4B-912A-1B03FBA2477A}.Debug|Any CPU.ActiveCfg = Debug|Any CPU
		{BF9CADB0-9B7E-4B4B-912A-1B03FBA2477A}.Debug|Any CPU.Build.0 = Debug|Any CPU
		{BF9CADB0-9B7E-4B4B-912A-1B03FBA2477A}.Release|Any CPU.ActiveCfg = Release|Any CPU
		{BF9CADB0-9B7E-4B4B-912A-1B03FBA2477A}.Release|Any CPU.Build.0 = Release|Any CPU
	EndGlobalSection
	GlobalSection(SolutionProperties) = preSolution
		HideSolutionNode = FALSE
	EndGlobalSection
	GlobalSection(ExtensibilityGlobals) = postSolution
		SolutionGuid = {C38A56B2-8611-40F7-9CF6-4A4EBB06851C}
	EndGlobalSection
EndGlobal
